
Microsoft Visual Studio Solution File, Format Version 12.00
# Visual Studio Version 17
VisualStudioVersion = 17.4.33205.214
MinimumVisualStudioVersion = 10.0.40219.1
Project("{FAE04EC0-301F-11D3-BF4B-00C04F79EFBC}") = "AnnouncementsServer", "AnnouncementsServer\AnnouncementsServer.csproj", "{00B2B96D-69D6-4199-BCC2-68A7A0D7AA60}"
EndProject
Global
	GlobalSection(SolutionConfigurationPlatforms) = preSolution
		Debug|Any CPU = Debug|Any CPU
		Release|Any CPU = Release|Any CPU
	EndGlobalSection
	GlobalSection(ProjectConfigurationPlatforms) = postSolution
		{00B2B96D-69D6-4199-BCC2-68A7A0D7AA60}.Debug|Any CPU.ActiveCfg = Debug|Any CPU
		{00B2B96D-69D6-4199-BCC2-68A7A0D7AA60}.Debug|Any CPU.Build.0 = Debug|Any CPU
		{00B2B96D-69D6-4199-BCC2-68A7A0D7AA60}.Release|Any CPU.ActiveCfg = Release|Any CPU
		{00B2B96D-69D6-4199-BCC2-68A7A0D7AA60}.Release|Any CPU.Build.0 = Release|Any CPU
	EndGlobalSection
	GlobalSection(SolutionProperties) = preSolution
		HideSolutionNode = FALSE
	EndGlobalSection
	GlobalSection(ExtensibilityGlobals) = postSolution
		SolutionGuid = {3BFB287D-A3EC-4377-AF88-7C77D6C436E7}
	EndGlobalSection
EndGlobal
